// !$*UTF8*$!
{
	archiveVersion = 1;
	classes = {
	};
	objectVersion = 56;
	objects = {

/* Begin PBXBuildFile section */
		0E639B0A2B84E7140085F35D /* KisilerHucre.swift in Sources */ = {isa = PBXBuildFile; fileRef = 0E639B092B84E7140085F35D /* KisilerHucre.swift */; };
		0ECD1E112B90A4E300277FCE /* RxBlocking in Frameworks */ = {isa = PBXBuildFile; productRef = 0ECD1E102B90A4E300277FCE /* RxBlocking */; };
		0ECD1E132B90A4E300277FCE /* RxBlocking-Dynamic in Frameworks */ = {isa = PBXBuildFile; productRef = 0ECD1E122B90A4E300277FCE /* RxBlocking-Dynamic */; };
		0ECD1E152B90A4E300277FCE /* RxCocoa in Frameworks */ = {isa = PBXBuildFile; productRef = 0ECD1E142B90A4E300277FCE /* RxCocoa */; };
		0ECD1E172B90A4E300277FCE /* RxCocoa-Dynamic in Frameworks */ = {isa = PBXBuildFile; productRef = 0ECD1E162B90A4E300277FCE /* RxCocoa-Dynamic */; };
		0ECD1E192B90A4E300277FCE /* RxRelay in Frameworks */ = {isa = PBXBuildFile; productRef = 0ECD1E182B90A4E300277FCE /* RxRelay */; };
		0ECD1E1B2B90A4E300277FCE /* RxRelay-Dynamic in Frameworks */ = {isa = PBXBuildFile; productRef = 0ECD1E1A2B90A4E300277FCE /* RxRelay-Dynamic */; };
		0ECD1E1D2B90A4E300277FCE /* RxSwift in Frameworks */ = {isa = PBXBuildFile; productRef = 0ECD1E1C2B90A4E300277FCE /* RxSwift */; };
		0ECD1E1F2B90A4E300277FCE /* RxSwift-Dynamic in Frameworks */ = {isa = PBXBuildFile; productRef = 0ECD1E1E2B90A4E300277FCE /* RxSwift-Dynamic */; };
		0ECD1E262B90A51100277FCE /* KisilerDaoRepository.swift in Sources */ = {isa = PBXBuildFile; fileRef = 0ECD1E252B90A51100277FCE /* KisilerDaoRepository.swift */; };
		0ECD1E292B90A54C00277FCE /* AnasayfaViewModel.swift in Sources */ = {isa = PBXBuildFile; fileRef = 0ECD1E282B90A54C00277FCE /* AnasayfaViewModel.swift */; };
		0ECD1E2B2B90A56D00277FCE /* KisiKayitViewModel.swift in Sources */ = {isa = PBXBuildFile; fileRef = 0ECD1E2A2B90A56D00277FCE /* KisiKayitViewModel.swift */; };
		0ECD1E2D2B90A59300277FCE /* KisiDetayViewModel.swift in Sources */ = {isa = PBXBuildFile; fileRef = 0ECD1E2C2B90A59300277FCE /* KisiDetayViewModel.swift */; };
		0ED1BE962B74DFA2004229C6 /* AppDelegate.swift in Sources */ = {isa = PBXBuildFile; fileRef = 0ED1BE952B74DFA2004229C6 /* AppDelegate.swift */; };
		0ED1BE982B74DFA2004229C6 /* SceneDelegate.swift in Sources */ = {isa = PBXBuildFile; fileRef = 0ED1BE972B74DFA2004229C6 /* SceneDelegate.swift */; };
		0ED1BE9A2B74DFA2004229C6 /* Anasayfa.swift in Sources */ = {isa = PBXBuildFile; fileRef = 0ED1BE992B74DFA2004229C6 /* Anasayfa.swift */; };
		0ED1BE9D2B74DFA3004229C6 /* Main.storyboard in Resources */ = {isa = PBXBuildFile; fileRef = 0ED1BE9B2B74DFA3004229C6 /* Main.storyboard */; };
		0ED1BE9F2B74DFA4004229C6 /* Assets.xcassets in Resources */ = {isa = PBXBuildFile; fileRef = 0ED1BE9E2B74DFA4004229C6 /* Assets.xcassets */; };
		0ED1BEA22B74DFA4004229C6 /* LaunchScreen.storyboard in Resources */ = {isa = PBXBuildFile; fileRef = 0ED1BEA02B74DFA4004229C6 /* LaunchScreen.storyboard */; };
		0ED1BEAE2B74E1D5004229C6 /* KisiKayit.swift in Sources */ = {isa = PBXBuildFile; fileRef = 0ED1BEAD2B74E1D5004229C6 /* KisiKayit.swift */; };
		0ED1BEB02B74E1E2004229C6 /* KisiDetay.swift in Sources */ = {isa = PBXBuildFile; fileRef = 0ED1BEAF2B74E1E2004229C6 /* KisiDetay.swift */; };
		0ED1BEB22B74E26B004229C6 /* Kisiler.swift in Sources */ = {isa = PBXBuildFile; fileRef = 0ED1BEB12B74E26B004229C6 /* Kisiler.swift */; };
/* End PBXBuildFile section */

/* Begin PBXFileReference section */
		0E639B092B84E7140085F35D /* KisilerHucre.swift */ = {isa = PBXFileReference; lastKnownFileType = sourcecode.swift; path = KisilerHucre.swift; sourceTree = "<group>"; };
		0ECD1E252B90A51100277FCE /* KisilerDaoRepository.swift */ = {isa = PBXFileReference; lastKnownFileType = sourcecode.swift; path = KisilerDaoRepository.swift; sourceTree = "<group>"; };
		0ECD1E282B90A54C00277FCE /* AnasayfaViewModel.swift */ = {isa = PBXFileReference; lastKnownFileType = sourcecode.swift; path = AnasayfaViewModel.swift; sourceTree = "<group>"; };
		0ECD1E2A2B90A56D00277FCE /* KisiKayitViewModel.swift */ = {isa = PBXFileReference; lastKnownFileType = sourcecode.swift; path = KisiKayitViewModel.swift; sourceTree = "<group>"; };
		0ECD1E2C2B90A59300277FCE /* KisiDetayViewModel.swift */ = {isa = PBXFileReference; lastKnownFileType = sourcecode.swift; path = KisiDetayViewModel.swift; sourceTree = "<group>"; };
		0ED1BE922B74DFA2004229C6 /* KisilerUygulamasi.app */ = {isa = PBXFileReference; explicitFileType = wrapper.application; includeInIndex = 0; path = KisilerUygulamasi.app; sourceTree = BUILT_PRODUCTS_DIR; };
		0ED1BE952B74DFA2004229C6 /* AppDelegate.swift */ = {isa = PBXFileReference; lastKnownFileType = sourcecode.swift; path = AppDelegate.swift; sourceTree = "<group>"; };
		0ED1BE972B74DFA2004229C6 /* SceneDelegate.swift */ = {isa = PBXFileReference; lastKnownFileType = sourcecode.swift; path = SceneDelegate.swift; sourceTree = "<group>"; };
		0ED1BE992B74DFA2004229C6 /* Anasayfa.swift */ = {isa = PBXFileReference; lastKnownFileType = sourcecode.swift; path = Anasayfa.swift; sourceTree = "<group>"; };
		0ED1BE9C2B74DFA3004229C6 /* Base */ = {isa = PBXFileReference; lastKnownFileType = file.storyboard; name = Base; path = Base.lproj/Main.storyboard; sourceTree = "<group>"; };
		0ED1BE9E2B74DFA4004229C6 /* Assets.xcassets */ = {isa = PBXFileReference; lastKnownFileType = folder.assetcatalog; path = Assets.xcassets; sourceTree = "<group>"; };
		0ED1BEA12B74DFA4004229C6 /* Base */ = {isa = PBXFileReference; lastKnownFileType = file.storyboard; name = Base; path = Base.lproj/LaunchScreen.storyboard; sourceTree = "<group>"; };
		0ED1BEA32B74DFA4004229C6 /* Info.plist */ = {isa = PBXFileReference; lastKnownFileType = text.plist.xml; path = Info.plist; sourceTree = "<group>"; };
		0ED1BEAD2B74E1D5004229C6 /* KisiKayit.swift */ = {isa = PBXFileReference; lastKnownFileType = sourcecode.swift; path = KisiKayit.swift; sourceTree = "<group>"; };
		0ED1BEAF2B74E1E2004229C6 /* KisiDetay.swift */ = {isa = PBXFileReference; lastKnownFileType = sourcecode.swift; path = KisiDetay.swift; sourceTree = "<group>"; };
		0ED1BEB12B74E26B004229C6 /* Kisiler.swift */ = {isa = PBXFileReference; lastKnownFileType = sourcecode.swift; path = Kisiler.swift; sourceTree = "<group>"; };
/* End PBXFileReference section */

/* Begin PBXFrameworksBuildPhase section */
		0ED1BE8F2B74DFA2004229C6 /* Frameworks */ = {
			isa = PBXFrameworksBuildPhase;
			buildActionMask = 2147483647;
			files = (
				0ECD1E1F2B90A4E300277FCE /* RxSwift-Dynamic in Frameworks */,
				0ECD1E192B90A4E300277FCE /* RxRelay in Frameworks */,
				0ECD1E172B90A4E300277FCE /* RxCocoa-Dynamic in Frameworks */,
				0ECD1E1B2B90A4E300277FCE /* RxRelay-Dynamic in Frameworks */,
				0ECD1E152B90A4E300277FCE /* RxCocoa in Frameworks */,
				0ECD1E112B90A4E300277FCE /* RxBlocking in Frameworks */,
				0ECD1E132B90A4E300277FCE /* RxBlocking-Dynamic in Frameworks */,
				0ECD1E1D2B90A4E300277FCE /* RxSwift in Frameworks */,
			);
			runOnlyForDeploymentPostprocessing = 0;
		};
/* End PBXFrameworksBuildPhase section */

/* Begin PBXGroup section */
		0E639B082B84E6EF0085F35D /* tableView */ = {
			isa = PBXGroup;
			children = (
				0E639B092B84E7140085F35D /* KisilerHucre.swift */,
			);
			path = tableView;
			sourceTree = "<group>";
		};
		0ECD1E242B90A4F900277FCE /* repo */ = {
			isa = PBXGroup;
			children = (
				0ECD1E252B90A51100277FCE /* KisilerDaoRepository.swift */,
			);
			path = repo;
			sourceTree = "<group>";
		};
		0ECD1E272B90A53900277FCE /* viewModel */ = {
			isa = PBXGroup;
			children = (
				0ECD1E282B90A54C00277FCE /* AnasayfaViewModel.swift */,
				0ECD1E2A2B90A56D00277FCE /* KisiKayitViewModel.swift */,
				0ECD1E2C2B90A59300277FCE /* KisiDetayViewModel.swift */,
			);
			path = viewModel;
			sourceTree = "<group>";
		};
		0ED1BE892B74DFA2004229C6 = {
			isa = PBXGroup;
			children = (
				0ED1BE942B74DFA2004229C6 /* KisilerUygulamasi */,
				0ED1BE932B74DFA2004229C6 /* Products */,
			);
			sourceTree = "<group>";
		};
		0ED1BE932B74DFA2004229C6 /* Products */ = {
			isa = PBXGroup;
			children = (
				0ED1BE922B74DFA2004229C6 /* KisilerUygulamasi.app */,
			);
			name = Products;
			sourceTree = "<group>";
		};
		0ED1BE942B74DFA2004229C6 /* KisilerUygulamasi */ = {
			isa = PBXGroup;
			children = (
				0ED1BE952B74DFA2004229C6 /* AppDelegate.swift */,
				0ED1BE972B74DFA2004229C6 /* SceneDelegate.swift */,
				0ED1BEAA2B74E049004229C6 /* ui */,
				0ED1BEA92B74E03F004229C6 /* data */,
				0ED1BE9B2B74DFA3004229C6 /* Main.storyboard */,
				0ED1BE9E2B74DFA4004229C6 /* Assets.xcassets */,
				0ED1BEA02B74DFA4004229C6 /* LaunchScreen.storyboard */,
				0ED1BEA32B74DFA4004229C6 /* Info.plist */,
			);
			path = KisilerUygulamasi;
			sourceTree = "<group>";
		};
		0ED1BEA92B74E03F004229C6 /* data */ = {
			isa = PBXGroup;
			children = (
				0ECD1E242B90A4F900277FCE /* repo */,
				0ED1BEAB2B74E06D004229C6 /* entity */,
			);
			path = data;
			sourceTree = "<group>";
		};
		0ED1BEAA2B74E049004229C6 /* ui */ = {
			isa = PBXGroup;
			children = (
				0ECD1E272B90A53900277FCE /* viewModel */,
				0E639B082B84E6EF0085F35D /* tableView */,
				0ED1BEAC2B74E078004229C6 /* views */,
			);
			path = ui;
			sourceTree = "<group>";
		};
		0ED1BEAB2B74E06D004229C6 /* entity */ = {
			isa = PBXGroup;
			children = (
				0ED1BEB12B74E26B004229C6 /* Kisiler.swift */,
			);
			path = entity;
			sourceTree = "<group>";
		};
		0ED1BEAC2B74E078004229C6 /* views */ = {
			isa = PBXGroup;
			children = (
				0ED1BE992B74DFA2004229C6 /* Anasayfa.swift */,
				0ED1BEAD2B74E1D5004229C6 /* KisiKayit.swift */,
				0ED1BEAF2B74E1E2004229C6 /* KisiDetay.swift */,
			);
			path = views;
			sourceTree = "<group>";
		};
/* End PBXGroup section */

/* Begin PBXNativeTarget section */
		0ED1BE912B74DFA2004229C6 /* KisilerUygulamasi */ = {
			isa = PBXNativeTarget;
			buildConfigurationList = 0ED1BEA62B74DFA4004229C6 /* Build configuration list for PBXNativeTarget "KisilerUygulamasi" */;
			buildPhases = (
				0ED1BE8E2B74DFA2004229C6 /* Sources */,
				0ED1BE8F2B74DFA2004229C6 /* Frameworks */,
				0ED1BE902B74DFA2004229C6 /* Resources */,
			);
			buildRules = (
			);
			dependencies = (
			);
			name = KisilerUygulamasi;
			packageProductDependencies = (
				0ECD1E102B90A4E300277FCE /* RxBlocking */,
				0ECD1E122B90A4E300277FCE /* RxBlocking-Dynamic */,
				0ECD1E142B90A4E300277FCE /* RxCocoa */,
				0ECD1E162B90A4E300277FCE /* RxCocoa-Dynamic */,
				0ECD1E182B90A4E300277FCE /* RxRelay */,
				0ECD1E1A2B90A4E300277FCE /* RxRelay-Dynamic */,
				0ECD1E1C2B90A4E300277FCE /* RxSwift */,
				0ECD1E1E2B90A4E300277FCE /* RxSwift-Dynamic */,
			);
			productName = KisilerUygulamasi;
			productReference = 0ED1BE922B74DFA2004229C6 /* KisilerUygulamasi.app */;
			productType = "com.apple.product-type.application";
		};
/* End PBXNativeTarget section */

/* Begin PBXProject section */
		0ED1BE8A2B74DFA2004229C6 /* Project object */ = {
			isa = PBXProject;
			attributes = {
				BuildIndependentTargetsInParallel = 1;
				LastSwiftUpdateCheck = 1520;
				LastUpgradeCheck = 1520;
				TargetAttributes = {
					0ED1BE912B74DFA2004229C6 = {
						CreatedOnToolsVersion = 15.2;
					};
				};
			};
			buildConfigurationList = 0ED1BE8D2B74DFA2004229C6 /* Build configuration list for PBXProject "KisilerUygulamasi" */;
			compatibilityVersion = "Xcode 14.0";
			developmentRegion = en;
			hasScannedForEncodings = 0;
			knownRegions = (
				en,
				Base,
			);
			mainGroup = 0ED1BE892B74DFA2004229C6;
			packageReferences = (
				0ECD1E0F2B90A4E300277FCE /* XCRemoteSwiftPackageReference "RxSwift" */,
			);
			productRefGroup = 0ED1BE932B74DFA2004229C6 /* Products */;
			projectDirPath = "";
			projectRoot = "";
			targets = (
				0ED1BE912B74DFA2004229C6 /* KisilerUygulamasi */,
			);
		};
/* End PBXProject section */

/* Begin PBXResourcesBuildPhase section */
		0ED1BE902B74DFA2004229C6 /* Resources */ = {
			isa = PBXResourcesBuildPhase;
			buildActionMask = 2147483647;
			files = (
				0ED1BEA22B74DFA4004229C6 /* LaunchScreen.storyboard in Resources */,
				0ED1BE9F2B74DFA4004229C6 /* Assets.xcassets in Resources */,
				0ED1BE9D2B74DFA3004229C6 /* Main.storyboard in Resources */,
			);
			runOnlyForDeploymentPostprocessing = 0;
		};
/* End PBXResourcesBuildPhase section */

/* Begin PBXSourcesBuildPhase section */
		0ED1BE8E2B74DFA2004229C6 /* Sources */ = {
			isa = PBXSourcesBuildPhase;
			buildActionMask = 2147483647;
			files = (
				0ED1BEAE2B74E1D5004229C6 /* KisiKayit.swift in Sources */,
				0E639B0A2B84E7140085F35D /* KisilerHucre.swift in Sources */,
				0ED1BEB02B74E1E2004229C6 /* KisiDetay.swift in Sources */,
				0ED1BE9A2B74DFA2004229C6 /* Anasayfa.swift in Sources */,
				0ECD1E262B90A51100277FCE /* KisilerDaoRepository.swift in Sources */,
				0ECD1E292B90A54C00277FCE /* AnasayfaViewModel.swift in Sources */,
				0ECD1E2D2B90A59300277FCE /* KisiDetayViewModel.swift in Sources */,
				0ED1BE962B74DFA2004229C6 /* AppDelegate.swift in Sources */,
				0ED1BE982B74DFA2004229C6 /* SceneDelegate.swift in Sources */,
				0ED1BEB22B74E26B004229C6 /* Kisiler.swift in Sources */,
				0ECD1E2B2B90A56D00277FCE /* KisiKayitViewModel.swift in Sources */,
			);
			runOnlyForDeploymentPostprocessing = 0;
		};
/* End PBXSourcesBuildPhase section */

/* Begin PBXVariantGroup section */
		0ED1BE9B2B74DFA3004229C6 /* Main.storyboard */ = {
			isa = PBXVariantGroup;
			children = (
				0ED1BE9C2B74DFA3004229C6 /* Base */,
			);
			name = Main.storyboard;
			sourceTree = "<group>";
		};
		0ED1BEA02B74DFA4004229C6 /* LaunchScreen.storyboard */ = {
			isa = PBXVariantGroup;
			children = (
				0ED1BEA12B74DFA4004229C6 /* Base */,
			);
			name = LaunchScreen.storyboard;
			sourceTree = "<group>";
		};
/* End PBXVariantGroup section */

/* Begin XCBuildConfiguration section */
		0ED1BEA42B74DFA4004229C6 /* Debug */ = {
			isa = XCBuildConfiguration;
			buildSettings = {
				ALWAYS_SEARCH_USER_PATHS = NO;
				ASSETCATALOG_COMPILER_GENERATE_SWIFT_ASSET_SYMBOL_EXTENSIONS = YES;
				CLANG_ANALYZER_NONNULL = YES;
				CLANG_ANALYZER_NUMBER_OBJECT_CONVERSION = YES_AGGRESSIVE;
				CLANG_CXX_LANGUAGE_STANDARD = "gnu++20";
				CLANG_ENABLE_MODULES = YES;
				CLANG_ENABLE_OBJC_ARC = YES;
				CLANG_ENABLE_OBJC_WEAK = YES;
				CLANG_WARN_BLOCK_CAPTURE_AUTORELEASING = YES;
				CLANG_WARN_BOOL_CONVERSION = YES;
				CLANG_WARN_COMMA = YES;
				CLANG_WARN_CONSTANT_CONVERSION = YES;
				CLANG_WARN_DEPRECATED_OBJC_IMPLEMENTATIONS = YES;
				CLANG_WARN_DIRECT_OBJC_ISA_USAGE = YES_ERROR;
				CLANG_WARN_DOCUMENTATION_COMMENTS = YES;
				CLANG_WARN_EMPTY_BODY = YES;
				CLANG_WARN_ENUM_CONVERSION = YES;
				CLANG_WARN_INFINITE_RECURSION = YES;
				CLANG_WARN_INT_CONVERSION = YES;
				CLANG_WARN_NON_LITERAL_NULL_CONVERSION = YES;
				CLANG_WARN_OBJC_IMPLICIT_RETAIN_SELF = YES;
				CLANG_WARN_OBJC_LITERAL_CONVERSION = YES;
				CLANG_WARN_OBJC_ROOT_CLASS = YES_ERROR;
				CLANG_WARN_QUOTED_INCLUDE_IN_FRAMEWORK_HEADER = YES;
				CLANG_WARN_RANGE_LOOP_ANALYSIS = YES;
				CLANG_WARN_STRICT_PROTOTYPES = YES;
				CLANG_WARN_SUSPICIOUS_MOVE = YES;
				CLANG_WARN_UNGUARDED_AVAILABILITY = YES_AGGRESSIVE;
				CLANG_WARN_UNREACHABLE_CODE = YES;
				CLANG_WARN__DUPLICATE_METHOD_MATCH = YES;
				COPY_PHASE_STRIP = NO;
				DEBUG_INFORMATION_FORMAT = dwarf;
				ENABLE_STRICT_OBJC_MSGSEND = YES;
				ENABLE_TESTABILITY = YES;
				ENABLE_USER_SCRIPT_SANDBOXING = YES;
				GCC_C_LANGUAGE_STANDARD = gnu17;
				GCC_DYNAMIC_NO_PIC = NO;
				GCC_NO_COMMON_BLOCKS = YES;
				GCC_OPTIMIZATION_LEVEL = 0;
				GCC_PREPROCESSOR_DEFINITIONS = (
					"DEBUG=1",
					"$(inherited)",
				);
				GCC_WARN_64_TO_32_BIT_CONVERSION = YES;
				GCC_WARN_ABOUT_RETURN_TYPE = YES_ERROR;
				GCC_WARN_UNDECLARED_SELECTOR = YES;
				GCC_WARN_UNINITIALIZED_AUTOS = YES_AGGRESSIVE;
				GCC_WARN_UNUSED_FUNCTION = YES;
				GCC_WARN_UNUSED_VARIABLE = YES;
				IPHONEOS_DEPLOYMENT_TARGET = 17.2;
				LOCALIZATION_PREFERS_STRING_CATALOGS = YES;
				MTL_ENABLE_DEBUG_INFO = INCLUDE_SOURCE;
				MTL_FAST_MATH = YES;
				ONLY_ACTIVE_ARCH = YES;
				SDKROOT = iphoneos;
				SWIFT_ACTIVE_COMPILATION_CONDITIONS = "DEBUG $(inherited)";
				SWIFT_OPTIMIZATION_LEVEL = "-Onone";
			};
			name = Debug;
		};
		0ED1BEA52B74DFA4004229C6 /* Release */ = {
			isa = XCBuildConfiguration;
			buildSettings = {
				ALWAYS_SEARCH_USER_PATHS = NO;
				ASSETCATALOG_COMPILER_GENERATE_SWIFT_ASSET_SYMBOL_EXTENSIONS = YES;
				CLANG_ANALYZER_NONNULL = YES;
				CLANG_ANALYZER_NUMBER_OBJECT_CONVERSION = YES_AGGRESSIVE;
				CLANG_CXX_LANGUAGE_STANDARD = "gnu++20";
				CLANG_ENABLE_MODULES = YES;
				CLANG_ENABLE_OBJC_ARC = YES;
				CLANG_ENABLE_OBJC_WEAK = YES;
				CLANG_WARN_BLOCK_CAPTURE_AUTORELEASING = YES;
				CLANG_WARN_BOOL_CONVERSION = YES;
				CLANG_WARN_COMMA = YES;
				CLANG_WARN_CONSTANT_CONVERSION = YES;
				CLANG_WARN_DEPRECATED_OBJC_IMPLEMENTATIONS = YES;
				CLANG_WARN_DIRECT_OBJC_ISA_USAGE = YES_ERROR;
				CLANG_WARN_DOCUMENTATION_COMMENTS = YES;
				CLANG_WARN_EMPTY_BODY = YES;
				CLANG_WARN_ENUM_CONVERSION = YES;
				CLANG_WARN_INFINITE_RECURSION = YES;
				CLANG_WARN_INT_CONVERSION = YES;
				CLANG_WARN_NON_LITERAL_NULL_CONVERSION = YES;
				CLANG_WARN_OBJC_IMPLICIT_RETAIN_SELF = YES;
				CLANG_WARN_OBJC_LITERAL_CONVERSION = YES;
				CLANG_WARN_OBJC_ROOT_CLASS = YES_ERROR;
				CLANG_WARN_QUOTED_INCLUDE_IN_FRAMEWORK_HEADER = YES;
				CLANG_WARN_RANGE_LOOP_ANALYSIS = YES;
				CLANG_WARN_STRICT_PROTOTYPES = YES;
				CLANG_WARN_SUSPICIOUS_MOVE = YES;
				CLANG_WARN_UNGUARDED_AVAILABILITY = YES_AGGRESSIVE;
				CLANG_WARN_UNREACHABLE_CODE = YES;
				CLANG_WARN__DUPLICATE_METHOD_MATCH = YES;
				COPY_PHASE_STRIP = NO;
				DEBUG_INFORMATION_FORMAT = "dwarf-with-dsym";
				ENABLE_NS_ASSERTIONS = NO;
				ENABLE_STRICT_OBJC_MSGSEND = YES;
				ENABLE_USER_SCRIPT_SANDBOXING = YES;
				GCC_C_LANGUAGE_STANDARD = gnu17;
				GCC_NO_COMMON_BLOCKS = YES;
				GCC_WARN_64_TO_32_BIT_CONVERSION = YES;
				GCC_WARN_ABOUT_RETURN_TYPE = YES_ERROR;
				GCC_WARN_UNDECLARED_SELECTOR = YES;
				GCC_WARN_UNINITIALIZED_AUTOS = YES_AGGRESSIVE;
				GCC_WARN_UNUSED_FUNCTION = YES;
				GCC_WARN_UNUSED_VARIABLE = YES;
				IPHONEOS_DEPLOYMENT_TARGET = 17.2;
				LOCALIZATION_PREFERS_STRING_CATALOGS = YES;
				MTL_ENABLE_DEBUG_INFO = NO;
				MTL_FAST_MATH = YES;
				SDKROOT = iphoneos;
				SWIFT_COMPILATION_MODE = wholemodule;
				VALIDATE_PRODUCT = YES;
			};
			name = Release;
		};
		0ED1BEA72B74DFA4004229C6 /* Debug */ = {
			isa = XCBuildConfiguration;
			buildSettings = {
				ASSETCATALOG_COMPILER_APPICON_NAME = AppIcon;
				ASSETCATALOG_COMPILER_GLOBAL_ACCENT_COLOR_NAME = AccentColor;
				CODE_SIGN_STYLE = Automatic;
				CURRENT_PROJECT_VERSION = 1;
				DEVELOPMENT_TEAM = N95XS2H4ZL;
				GENERATE_INFOPLIST_FILE = YES;
				INFOPLIST_FILE = KisilerUygulamasi/Info.plist;
				INFOPLIST_KEY_UIApplicationSupportsIndirectInputEvents = YES;
				INFOPLIST_KEY_UILaunchStoryboardName = LaunchScreen;
				INFOPLIST_KEY_UIMainStoryboardFile = Main;
				INFOPLIST_KEY_UISupportedInterfaceOrientations_iPad = "UIInterfaceOrientationPortrait UIInterfaceOrientationPortraitUpsideDown UIInterfaceOrientationLandscapeLeft UIInterfaceOrientationLandscapeRight";
				INFOPLIST_KEY_UISupportedInterfaceOrientations_iPhone = "UIInterfaceOrientationPortrait UIInterfaceOrientationLandscapeLeft UIInterfaceOrientationLandscapeRight";
				LD_RUNPATH_SEARCH_PATHS = (
					"$(inherited)",
					"@executable_path/Frameworks",
				);
				MARKETING_VERSION = 1.0;
				PRODUCT_BUNDLE_IDENTIFIER = com.info.KisilerUygulamasi;
				PRODUCT_NAME = "$(TARGET_NAME)";
				SWIFT_EMIT_LOC_STRINGS = YES;
				SWIFT_VERSION = 5.0;
				TARGETED_DEVICE_FAMILY = "1,2";
			};
			name = Debug;
		};
		0ED1BEA82B74DFA4004229C6 /* Release */ = {
			isa = XCBuildConfiguration;
			buildSettings = {
				ASSETCATALOG_COMPILER_APPICON_NAME = AppIcon;
				ASSETCATALOG_COMPILER_GLOBAL_ACCENT_COLOR_NAME = AccentColor;
				CODE_SIGN_STYLE = Automatic;
				CURRENT_PROJECT_VERSION = 1;
				DEVELOPMENT_TEAM = N95XS2H4ZL;
				GENERATE_INFOPLIST_FILE = YES;
				INFOPLIST_FILE = KisilerUygulamasi/Info.plist;
				INFOPLIST_KEY_UIApplicationSupportsIndirectInputEvents = YES;
				INFOPLIST_KEY_UILaunchStoryboardName = LaunchScreen;
				INFOPLIST_KEY_UIMainStoryboardFile = Main;
				INFOPLIST_KEY_UISupportedInterfaceOrientations_iPad = "UIInterfaceOrientationPortrait UIInterfaceOrientationPortraitUpsideDown UIInterfaceOrientationLandscapeLeft UIInterfaceOrientationLandscapeRight";
				INFOPLIST_KEY_UISupportedInterfaceOrientations_iPhone = "UIInterfaceOrientationPortrait UIInterfaceOrientationLandscapeLeft UIInterfaceOrientationLandscapeRight";
				LD_RUNPATH_SEARCH_PATHS = (
					"$(inherited)",
					"@executable_path/Frameworks",
				);
				MARKETING_VERSION = 1.0;
				PRODUCT_BUNDLE_IDENTIFIER = com.info.KisilerUygulamasi;
				PRODUCT_NAME = "$(TARGET_NAME)";
				SWIFT_EMIT_LOC_STRINGS = YES;
				SWIFT_VERSION = 5.0;
				TARGETED_DEVICE_FAMILY = "1,2";
			};
			name = Release;
		};
/* End XCBuildConfiguration section */

/* Begin XCConfigurationList section */
		0ED1BE8D2B74DFA2004229C6 /* Build configuration list for PBXProject "KisilerUygulamasi" */ = {
			isa = XCConfigurationList;
			buildConfigurations = (
				0ED1BEA42B74DFA4004229C6 /* Debug */,
				0ED1BEA52B74DFA4004229C6 /* Release */,
			);
			defaultConfigurationIsVisible = 0;
			defaultConfigurationName = Release;
		};
		0ED1BEA62B74DFA4004229C6 /* Build configuration list for PBXNativeTarget "KisilerUygulamasi" */ = {
			isa = XCConfigurationList;
			buildConfigurations = (
				0ED1BEA72B74DFA4004229C6 /* Debug */,
				0ED1BEA82B74DFA4004229C6 /* Release */,
			);
			defaultConfigurationIsVisible = 0;
			defaultConfigurationName = Release;
		};
/* End XCConfigurationList section */

/* Begin XCRemoteSwiftPackageReference section */
		0ECD1E0F2B90A4E300277FCE /* XCRemoteSwiftPackageReference "RxSwift" */ = {
			isa = XCRemoteSwiftPackageReference;
			repositoryURL = "https://github.com/ReactiveX/RxSwift.git";
			requirement = {
				kind = upToNextMajorVersion;
				minimumVersion = 6.6.0;
			};
		};
/* End XCRemoteSwiftPackageReference section */

/* Begin XCSwiftPackageProductDependency section */
		0ECD1E102B90A4E300277FCE /* RxBlocking */ = {
			isa = XCSwiftPackageProductDependency;
			package = 0ECD1E0F2B90A4E300277FCE /* XCRemoteSwiftPackageReference "RxSwift" */;
			productName = RxBlocking;
		};
		0ECD1E122B90A4E300277FCE /* RxBlocking-Dynamic */ = {
			isa = XCSwiftPackageProductDependency;
			package = 0ECD1E0F2B90A4E300277FCE /* XCRemoteSwiftPackageReference "RxSwift" */;
			productName = "RxBlocking-Dynamic";
		};
		0ECD1E142B90A4E300277FCE /* RxCocoa */ = {
			isa = XCSwiftPackageProductDependency;
			package = 0ECD1E0F2B90A4E300277FCE /* XCRemoteSwiftPackageReference "RxSwift" */;
			productName = RxCocoa;
		};
		0ECD1E162B90A4E300277FCE /* RxCocoa-Dynamic */ = {
			isa = XCSwiftPackageProductDependency;
			package = 0ECD1E0F2B90A4E300277FCE /* XCRemoteSwiftPackageReference "RxSwift" */;
			productName = "RxCocoa-Dynamic";
		};
		0ECD1E182B90A4E300277FCE /* RxRelay */ = {
			isa = XCSwiftPackageProductDependency;
			package = 0ECD1E0F2B90A4E300277FCE /* XCRemoteSwiftPackageReference "RxSwift" */;
			productName = RxRelay;
		};
		0ECD1E1A2B90A4E300277FCE /* RxRelay-Dynamic */ = {
			isa = XCSwiftPackageProductDependency;
			package = 0ECD1E0F2B90A4E300277FCE /* XCRemoteSwiftPackageReference "RxSwift" */;
			productName = "RxRelay-Dynamic";
		};
		0ECD1E1C2B90A4E300277FCE /* RxSwift */ = {
			isa = XCSwiftPackageProductDependency;
			package = 0ECD1E0F2B90A4E300277FCE /* XCRemoteSwiftPackageReference "RxSwift" */;
			productName = RxSwift;
		};
		0ECD1E1E2B90A4E300277FCE /* RxSwift-Dynamic */ = {
			isa = XCSwiftPackageProductDependency;
			package = 0ECD1E0F2B90A4E300277FCE /* XCRemoteSwiftPackageReference "RxSwift" */;
			productName = "RxSwift-Dynamic";
		};
/* End XCSwiftPackageProductDependency section */
	};
	rootObject = 0ED1BE8A2B74DFA2004229C6 /* Project object */;
}
